
Microsoft Visual Studio Solution File, Format Version 12.00
# Visual Studio 14
VisualStudioVersion = 14.0.25420.1
MinimumVisualStudioVersion = 10.0.40219.1
Project("{FAE04EC0-301F-11D3-BF4B-00C04F79EFBC}") = "ForestSimulationEdition1.1", "ForestSimulationEdition1.1\ForestSimulationEdition1.1.csproj", "{392B131D-55EC-4D89-8CAA-F47D697255AC}"
EndProject
Global
	GlobalSection(SolutionConfigurationPlatforms) = preSolution
		Debug|Any CPU = Debug|Any CPU
		Release|Any CPU = Release|Any CPU
	EndGlobalSection
	GlobalSection(ProjectConfigurationPlatforms) = postSolution
		{392B131D-55EC-4D89-8CAA-F47D697255AC}.Debug|Any CPU.ActiveCfg = Debug|Any CPU
		{392B131D-55EC-4D89-8CAA-F47D697255AC}.Debug|Any CPU.Build.0 = Debug|Any CPU
		{392B131D-55EC-4D89-8CAA-F47D697255AC}.Release|Any CPU.ActiveCfg = Release|Any CPU
		{392B131D-55EC-4D89-8CAA-F47D697255AC}.Release|Any CPU.Build.0 = Release|Any CPU
	EndGlobalSection
	GlobalSection(SolutionProperties) = preSolution
		HideSolutionNode = FALSE
	EndGlobalSection
EndGlobal
